{
  "name": "ReactEventManagerApp",
  "lockfileVersion": 3,
  "requires": true,
  "packages": {
    "": {
      "dependencies": {
        "@hookform/resolvers": "^5.2.0"
      }
    },
    "node_modules/@hookform/resolvers": {
      "version": "5.2.0",
      "resolved": "https://registry.npmjs.org/@hookform/resolvers/-/resolvers-5.2.0.tgz",
      "integrity": "sha512-3YI+VqxJQH6ryRWG+j3k+M19Wf37LeSKJDg6Vdjq6makLOqZGYn77iTaYLMLpVi/uHc1N6OTCmcxJwhOQV979g==",
      "dependencies": {
        "@standard-schema/utils": "^0.3.0"
      },
      "peerDependencies": {
        "react-hook-form": "^7.55.0"
      }
    },
    "node_modules/@standard-schema/utils": {
      "version": "0.3.0",
      "resolved": "https://registry.npmjs.org/@standard-schema/utils/-/utils-0.3.0.tgz",
      "integrity": "sha512-e7Mew686owMaPJVNNLs55PUvgz371nKgwsc4vxE49zsODpJEnxgxRo2y/OKrqueavXgZNMDVj3DdHFlaSAeU8g=="
    }
  }
}
